
Microsoft Visual Studio Solution File, Format Version 12.00
# Visual Studio Version 17
VisualStudioVersion = 17.2.32602.215
MinimumVisualStudioVersion = 10.0.40219.1
Project("{FAE04EC0-301F-11D3-BF4B-00C04F79EFBC}") = "EntitiyFreamwork", "EntitiyFreamwork\EntitiyFreamwork.csproj", "{75E64C76-A9A6-4F1F-9A5B-7524539BB849}"
EndProject
Global
	GlobalSection(SolutionConfigurationPlatforms) = preSolution
		Debug|Any CPU = Debug|Any CPU
		Release|Any CPU = Release|Any CPU
	EndGlobalSection
	GlobalSection(ProjectConfigurationPlatforms) = postSolution
		{75E64C76-A9A6-4F1F-9A5B-7524539BB849}.Debug|Any CPU.ActiveCfg = Debug|Any CPU
		{75E64C76-A9A6-4F1F-9A5B-7524539BB849}.Debug|Any CPU.Build.0 = Debug|Any CPU
		{75E64C76-A9A6-4F1F-9A5B-7524539BB849}.Release|Any CPU.ActiveCfg = Release|Any CPU
		{75E64C76-A9A6-4F1F-9A5B-7524539BB849}.Release|Any CPU.Build.0 = Release|Any CPU
	EndGlobalSection
	GlobalSection(SolutionProperties) = preSolution
		HideSolutionNode = FALSE
	EndGlobalSection
	GlobalSection(ExtensibilityGlobals) = postSolution
		SolutionGuid = {BB8BDDC9-ABC9-408B-989C-19D54A2F36DE}
	EndGlobalSection
EndGlobal
